// !$*UTF8*$!
{
	archiveVersion = 1;
	classes = {
	};
	objectVersion = 56;
	objects = {

/* Begin PBXBuildFile section */
		24D19B892BFFFF86002B7E03 /* MarvelTVApp.swift in Sources */ = {isa = PBXBuildFile; fileRef = 24D19B882BFFFF86002B7E03 /* MarvelTVApp.swift */; };
		24D19B8D2BFFFF89002B7E03 /* Assets.xcassets in Resources */ = {isa = PBXBuildFile; fileRef = 24D19B8C2BFFFF89002B7E03 /* Assets.xcassets */; };
		24D19B902BFFFF89002B7E03 /* Preview Assets.xcassets in Resources */ = {isa = PBXBuildFile; fileRef = 24D19B8F2BFFFF89002B7E03 /* Preview Assets.xcassets */; };
		24D19BA42BFFFF89002B7E03 /* MarvelTVUITests.swift in Sources */ = {isa = PBXBuildFile; fileRef = 24D19BA32BFFFF89002B7E03 /* MarvelTVUITests.swift */; };
		24D19BA62BFFFF89002B7E03 /* MarvelTVUITestsLaunchTests.swift in Sources */ = {isa = PBXBuildFile; fileRef = 24D19BA52BFFFF89002B7E03 /* MarvelTVUITestsLaunchTests.swift */; };
		24D19BB52C000690002B7E03 /* CharactersCollectionView.swift in Sources */ = {isa = PBXBuildFile; fileRef = 24D19BB42C000690002B7E03 /* CharactersCollectionView.swift */; };
		24D19BB72C000709002B7E03 /* CharactersRepository.swift in Sources */ = {isa = PBXBuildFile; fileRef = 24D19BB62C000709002B7E03 /* CharactersRepository.swift */; };
		24D19BBA2C00073E002B7E03 /* CharactersCollectionViewModel.swift in Sources */ = {isa = PBXBuildFile; fileRef = 24D19BB92C00073E002B7E03 /* CharactersCollectionViewModel.swift */; };
		24D19BBC2C000D52002B7E03 /* Constants.swift in Sources */ = {isa = PBXBuildFile; fileRef = 24D19BBB2C000D52002B7E03 /* Constants.swift */; };
		24D19BBF2C000E55002B7E03 /* CharactersResponse.swift in Sources */ = {isa = PBXBuildFile; fileRef = 24D19BBE2C000E55002B7E03 /* CharactersResponse.swift */; };
		24D19BC12C001055002B7E03 /* AsyncState.swift in Sources */ = {isa = PBXBuildFile; fileRef = 24D19BC02C001055002B7E03 /* AsyncState.swift */; };
		24D19BC42C00112A002B7E03 /* Logger+Extension.swift in Sources */ = {isa = PBXBuildFile; fileRef = 24D19BC32C00112A002B7E03 /* Logger+Extension.swift */; };
		24D19BC72C001383002B7E03 /* RequestBuilder.swift in Sources */ = {isa = PBXBuildFile; fileRef = 24D19BC62C001383002B7E03 /* RequestBuilder.swift */; };
		24D19BC92C001414002B7E03 /* DefaultRequestBuilder.swift in Sources */ = {isa = PBXBuildFile; fileRef = 24D19BC82C001414002B7E03 /* DefaultRequestBuilder.swift */; };
		24D19BCB2C0019C5002B7E03 /* Dictionary+Extension.swift in Sources */ = {isa = PBXBuildFile; fileRef = 24D19BCA2C0019C5002B7E03 /* Dictionary+Extension.swift */; };
		24D19BCD2C001B81002B7E03 /* NetworkTransport.swift in Sources */ = {isa = PBXBuildFile; fileRef = 24D19BCC2C001B81002B7E03 /* NetworkTransport.swift */; };
		24D19BD92C00F1A1002B7E03 /* ComicsCollectionView.swift in Sources */ = {isa = PBXBuildFile; fileRef = 24D19BD82C00F1A1002B7E03 /* ComicsCollectionView.swift */; };
		24D19BDB2C00F1C1002B7E03 /* ComicsCollectionViewModel.swift in Sources */ = {isa = PBXBuildFile; fileRef = 24D19BDA2C00F1C1002B7E03 /* ComicsCollectionViewModel.swift */; };
		24D19BDD2C015A19002B7E03 /* ComicsCollectionResponse.swift in Sources */ = {isa = PBXBuildFile; fileRef = 24D19BDC2C015A19002B7E03 /* ComicsCollectionResponse.swift */; };
		24D19BE02C015B27002B7E03 /* ComicsRepository.swift in Sources */ = {isa = PBXBuildFile; fileRef = 24D19BDF2C015B27002B7E03 /* ComicsRepository.swift */; };
		24D19BE32C01620D002B7E03 /* ShimmerView.swift in Sources */ = {isa = PBXBuildFile; fileRef = 24D19BE22C01620D002B7E03 /* ShimmerView.swift */; };
		24D19BE52C016541002B7E03 /* PlaceholderProvider.swift in Sources */ = {isa = PBXBuildFile; fileRef = 24D19BE42C016541002B7E03 /* PlaceholderProvider.swift */; };
		24D19BE72C01F488002B7E03 /* CustomText.swift in Sources */ = {isa = PBXBuildFile; fileRef = 24D19BE62C01F488002B7E03 /* CustomText.swift */; };
		24D19BE92C01FAEF002B7E03 /* CustomAsyncImage.swift in Sources */ = {isa = PBXBuildFile; fileRef = 24D19BE82C01FAEF002B7E03 /* CustomAsyncImage.swift */; };
		24D19BEC2C0207BD002B7E03 /* characters.json in Resources */ = {isa = PBXBuildFile; fileRef = 24D19BEA2C0207BD002B7E03 /* characters.json */; };
		24D19BED2C0207BD002B7E03 /* comics.json in Resources */ = {isa = PBXBuildFile; fileRef = 24D19BEB2C0207BD002B7E03 /* comics.json */; };
		24D19BEF2C0207ED002B7E03 /* CharactersCollectionViewModelTests.swift in Sources */ = {isa = PBXBuildFile; fileRef = 24D19BEE2C0207ED002B7E03 /* CharactersCollectionViewModelTests.swift */; };
		24D19BF22C021289002B7E03 /* characters_failure.json in Resources */ = {isa = PBXBuildFile; fileRef = 24D19BF12C021289002B7E03 /* characters_failure.json */; };
		24D19BF42C021456002B7E03 /* ComicsCollectionViewModelTests.swift in Sources */ = {isa = PBXBuildFile; fileRef = 24D19BF32C021456002B7E03 /* ComicsCollectionViewModelTests.swift */; };
		24D19BF82C0216A7002B7E03 /* TestUtils.swift in Sources */ = {isa = PBXBuildFile; fileRef = 24D19BF72C0216A7002B7E03 /* TestUtils.swift */; };
		24D19BFB2C021806002B7E03 /* comics_failure.json in Resources */ = {isa = PBXBuildFile; fileRef = 24D19BFA2C021806002B7E03 /* comics_failure.json */; };
		24D19BFD2C02196A002B7E03 /* CharactersCollectionShimmerView.swift in Sources */ = {isa = PBXBuildFile; fileRef = 24D19BFC2C02196A002B7E03 /* CharactersCollectionShimmerView.swift */; };
		24D19BFF2C021B2A002B7E03 /* ErrorView.swift in Sources */ = {isa = PBXBuildFile; fileRef = 24D19BFE2C021B2A002B7E03 /* ErrorView.swift */; };
		24D19C012C021EEC002B7E03 /* ComicsCollectionViewShimmer.swift in Sources */ = {isa = PBXBuildFile; fileRef = 24D19C002C021EEC002B7E03 /* ComicsCollectionViewShimmer.swift */; };
		24D19C032C04C5F6002B7E03 /* MockRequestBuilder.swift in Sources */ = {isa = PBXBuildFile; fileRef = 24D19C022C04C5F6002B7E03 /* MockRequestBuilder.swift */; };
		24D19C052C04C7DA002B7E03 /* MockNetworkTransport.swift in Sources */ = {isa = PBXBuildFile; fileRef = 24D19C042C04C7DA002B7E03 /* MockNetworkTransport.swift */; };
/* End PBXBuildFile section */

/* Begin PBXContainerItemProxy section */
		24D19B962BFFFF89002B7E03 /* PBXContainerItemProxy */ = {
			isa = PBXContainerItemProxy;
			containerPortal = 24D19B7D2BFFFF86002B7E03 /* Project object */;
			proxyType = 1;
			remoteGlobalIDString = 24D19B842BFFFF86002B7E03;
			remoteInfo = MarvelTV;
		};
		24D19BA02BFFFF89002B7E03 /* PBXContainerItemProxy */ = {
			isa = PBXContainerItemProxy;
			containerPortal = 24D19B7D2BFFFF86002B7E03 /* Project object */;
			proxyType = 1;
			remoteGlobalIDString = 24D19B842BFFFF86002B7E03;
			remoteInfo = MarvelTV;
		};
/* End PBXContainerItemProxy section */

/* Begin PBXFileReference section */
		24D19B852BFFFF86002B7E03 /* MarvelTV.app */ = {isa = PBXFileReference; explicitFileType = wrapper.application; includeInIndex = 0; path = MarvelTV.app; sourceTree = BUILT_PRODUCTS_DIR; };
		24D19B882BFFFF86002B7E03 /* MarvelTVApp.swift */ = {isa = PBXFileReference; lastKnownFileType = sourcecode.swift; path = MarvelTVApp.swift; sourceTree = "<group>"; };
		24D19B8C2BFFFF89002B7E03 /* Assets.xcassets */ = {isa = PBXFileReference; lastKnownFileType = folder.assetcatalog; path = Assets.xcassets; sourceTree = "<group>"; };
		24D19B8F2BFFFF89002B7E03 /* Preview Assets.xcassets */ = {isa = PBXFileReference; lastKnownFileType = folder.assetcatalog; path = "Preview Assets.xcassets"; sourceTree = "<group>"; };
		24D19B952BFFFF89002B7E03 /* MarvelTVTests.xctest */ = {isa = PBXFileReference; explicitFileType = wrapper.cfbundle; includeInIndex = 0; path = MarvelTVTests.xctest; sourceTree = BUILT_PRODUCTS_DIR; };
		24D19B9F2BFFFF89002B7E03 /* MarvelTVUITests.xctest */ = {isa = PBXFileReference; explicitFileType = wrapper.cfbundle; includeInIndex = 0; path = MarvelTVUITests.xctest; sourceTree = BUILT_PRODUCTS_DIR; };
		24D19BA32BFFFF89002B7E03 /* MarvelTVUITests.swift */ = {isa = PBXFileReference; lastKnownFileType = sourcecode.swift; path = MarvelTVUITests.swift; sourceTree = "<group>"; };
		24D19BA52BFFFF89002B7E03 /* MarvelTVUITestsLaunchTests.swift */ = {isa = PBXFileReference; lastKnownFileType = sourcecode.swift; path = MarvelTVUITestsLaunchTests.swift; sourceTree = "<group>"; };
		24D19BB42C000690002B7E03 /* CharactersCollectionView.swift */ = {isa = PBXFileReference; lastKnownFileType = sourcecode.swift; path = CharactersCollectionView.swift; sourceTree = "<group>"; };
		24D19BB62C000709002B7E03 /* CharactersRepository.swift */ = {isa = PBXFileReference; lastKnownFileType = sourcecode.swift; path = CharactersRepository.swift; sourceTree = "<group>"; };
		24D19BB92C00073E002B7E03 /* CharactersCollectionViewModel.swift */ = {isa = PBXFileReference; lastKnownFileType = sourcecode.swift; path = CharactersCollectionViewModel.swift; sourceTree = "<group>"; };
		24D19BBB2C000D52002B7E03 /* Constants.swift */ = {isa = PBXFileReference; lastKnownFileType = sourcecode.swift; path = Constants.swift; sourceTree = "<group>"; };
		24D19BBE2C000E55002B7E03 /* CharactersResponse.swift */ = {isa = PBXFileReference; lastKnownFileType = sourcecode.swift; path = CharactersResponse.swift; sourceTree = "<group>"; };
		24D19BC02C001055002B7E03 /* AsyncState.swift */ = {isa = PBXFileReference; lastKnownFileType = sourcecode.swift; path = AsyncState.swift; sourceTree = "<group>"; };
		24D19BC32C00112A002B7E03 /* Logger+Extension.swift */ = {isa = PBXFileReference; lastKnownFileType = sourcecode.swift; path = "Logger+Extension.swift"; sourceTree = "<group>"; };
		24D19BC62C001383002B7E03 /* RequestBuilder.swift */ = {isa = PBXFileReference; lastKnownFileType = sourcecode.swift; path = RequestBuilder.swift; sourceTree = "<group>"; };
		24D19BC82C001414002B7E03 /* DefaultRequestBuilder.swift */ = {isa = PBXFileReference; lastKnownFileType = sourcecode.swift; path = DefaultRequestBuilder.swift; sourceTree = "<group>"; };
		24D19BCA2C0019C5002B7E03 /* Dictionary+Extension.swift */ = {isa = PBXFileReference; lastKnownFileType = sourcecode.swift; path = "Dictionary+Extension.swift"; sourceTree = "<group>"; };
		24D19BCC2C001B81002B7E03 /* NetworkTransport.swift */ = {isa = PBXFileReference; lastKnownFileType = sourcecode.swift; path = NetworkTransport.swift; sourceTree = "<group>"; };
		24D19BD52C00B2D4002B7E03 /* info.plist */ = {isa = PBXFileReference; lastKnownFileType = text.plist.xml; path = info.plist; sourceTree = "<group>"; };
		24D19BD82C00F1A1002B7E03 /* ComicsCollectionView.swift */ = {isa = PBXFileReference; lastKnownFileType = sourcecode.swift; path = ComicsCollectionView.swift; sourceTree = "<group>"; };
		24D19BDA2C00F1C1002B7E03 /* ComicsCollectionViewModel.swift */ = {isa = PBXFileReference; lastKnownFileType = sourcecode.swift; path = ComicsCollectionViewModel.swift; sourceTree = "<group>"; };
		24D19BDC2C015A19002B7E03 /* ComicsCollectionResponse.swift */ = {isa = PBXFileReference; lastKnownFileType = sourcecode.swift; path = ComicsCollectionResponse.swift; sourceTree = "<group>"; };
		24D19BDF2C015B27002B7E03 /* ComicsRepository.swift */ = {isa = PBXFileReference; lastKnownFileType = sourcecode.swift; path = ComicsRepository.swift; sourceTree = "<group>"; };
		24D19BE22C01620D002B7E03 /* ShimmerView.swift */ = {isa = PBXFileReference; lastKnownFileType = sourcecode.swift; path = ShimmerView.swift; sourceTree = "<group>"; };
		24D19BE42C016541002B7E03 /* PlaceholderProvider.swift */ = {isa = PBXFileReference; lastKnownFileType = sourcecode.swift; path = PlaceholderProvider.swift; sourceTree = "<group>"; };
		24D19BE62C01F488002B7E03 /* CustomText.swift */ = {isa = PBXFileReference; lastKnownFileType = sourcecode.swift; path = CustomText.swift; sourceTree = "<group>"; };
		24D19BE82C01FAEF002B7E03 /* CustomAsyncImage.swift */ = {isa = PBXFileReference; lastKnownFileType = sourcecode.swift; path = CustomAsyncImage.swift; sourceTree = "<group>"; };
		24D19BEA2C0207BD002B7E03 /* characters.json */ = {isa = PBXFileReference; fileEncoding = 4; lastKnownFileType = text.json; path = characters.json; sourceTree = "<group>"; };
		24D19BEB2C0207BD002B7E03 /* comics.json */ = {isa = PBXFileReference; fileEncoding = 4; lastKnownFileType = text.json; path = comics.json; sourceTree = "<group>"; };
		24D19BEE2C0207ED002B7E03 /* CharactersCollectionViewModelTests.swift */ = {isa = PBXFileReference; lastKnownFileType = sourcecode.swift; path = CharactersCollectionViewModelTests.swift; sourceTree = "<group>"; };
		24D19BF12C021289002B7E03 /* characters_failure.json */ = {isa = PBXFileReference; fileEncoding = 4; lastKnownFileType = text.json; path = characters_failure.json; sourceTree = "<group>"; };
		24D19BF32C021456002B7E03 /* ComicsCollectionViewModelTests.swift */ = {isa = PBXFileReference; lastKnownFileType = sourcecode.swift; path = ComicsCollectionViewModelTests.swift; sourceTree = "<group>"; };
		24D19BF72C0216A7002B7E03 /* TestUtils.swift */ = {isa = PBXFileReference; lastKnownFileType = sourcecode.swift; path = TestUtils.swift; sourceTree = "<group>"; };
		24D19BFA2C021806002B7E03 /* comics_failure.json */ = {isa = PBXFileReference; fileEncoding = 4; lastKnownFileType = text.json; path = comics_failure.json; sourceTree = "<group>"; };
		24D19BFC2C02196A002B7E03 /* CharactersCollectionShimmerView.swift */ = {isa = PBXFileReference; lastKnownFileType = sourcecode.swift; path = CharactersCollectionShimmerView.swift; sourceTree = "<group>"; };
		24D19BFE2C021B2A002B7E03 /* ErrorView.swift */ = {isa = PBXFileReference; lastKnownFileType = sourcecode.swift; path = ErrorView.swift; sourceTree = "<group>"; };
		24D19C002C021EEC002B7E03 /* ComicsCollectionViewShimmer.swift */ = {isa = PBXFileReference; lastKnownFileType = sourcecode.swift; path = ComicsCollectionViewShimmer.swift; sourceTree = "<group>"; };
		24D19C022C04C5F6002B7E03 /* MockRequestBuilder.swift */ = {isa = PBXFileReference; lastKnownFileType = sourcecode.swift; path = MockRequestBuilder.swift; sourceTree = "<group>"; };
		24D19C042C04C7DA002B7E03 /* MockNetworkTransport.swift */ = {isa = PBXFileReference; lastKnownFileType = sourcecode.swift; path = MockNetworkTransport.swift; sourceTree = "<group>"; };
/* End PBXFileReference section */

/* Begin PBXFrameworksBuildPhase section */
		24D19B822BFFFF86002B7E03 /* Frameworks */ = {
			isa = PBXFrameworksBuildPhase;
			buildActionMask = 2147483647;
			files = (
			);
			runOnlyForDeploymentPostprocessing = 0;
		};
		24D19B922BFFFF89002B7E03 /* Frameworks */ = {
			isa = PBXFrameworksBuildPhase;
			buildActionMask = 2147483647;
			files = (
			);
			runOnlyForDeploymentPostprocessing = 0;
		};
		24D19B9C2BFFFF89002B7E03 /* Frameworks */ = {
			isa = PBXFrameworksBuildPhase;
			buildActionMask = 2147483647;
			files = (
			);
			runOnlyForDeploymentPostprocessing = 0;
		};
/* End PBXFrameworksBuildPhase section */

/* Begin PBXGroup section */
		24D19B7C2BFFFF86002B7E03 = {
			isa = PBXGroup;
			children = (
				24D19B872BFFFF86002B7E03 /* MarvelTV */,
				24D19B982BFFFF89002B7E03 /* MarvelTVTests */,
				24D19BA22BFFFF89002B7E03 /* MarvelTVUITests */,
				24D19B862BFFFF86002B7E03 /* Products */,
			);
			sourceTree = "<group>";
		};
		24D19B862BFFFF86002B7E03 /* Products */ = {
			isa = PBXGroup;
			children = (
				24D19B852BFFFF86002B7E03 /* MarvelTV.app */,
				24D19B952BFFFF89002B7E03 /* MarvelTVTests.xctest */,
				24D19B9F2BFFFF89002B7E03 /* MarvelTVUITests.xctest */,
			);
			name = Products;
			sourceTree = "<group>";
		};
		24D19B872BFFFF86002B7E03 /* MarvelTV */ = {
			isa = PBXGroup;
			children = (
				24D19BD52C00B2D4002B7E03 /* info.plist */,
				24D19BC22C001111002B7E03 /* Extensions */,
				24D19BB32C00051A002B7E03 /* Screens */,
				24D19BB22C000511002B7E03 /* Network */,
				24D19B882BFFFF86002B7E03 /* MarvelTVApp.swift */,
				24D19B8C2BFFFF89002B7E03 /* Assets.xcassets */,
				24D19B8E2BFFFF89002B7E03 /* Preview Content */,
				24D19BBB2C000D52002B7E03 /* Constants.swift */,
			);
			path = MarvelTV;
			sourceTree = "<group>";
		};
		24D19B8E2BFFFF89002B7E03 /* Preview Content */ = {
			isa = PBXGroup;
			children = (
				24D19B8F2BFFFF89002B7E03 /* Preview Assets.xcassets */,
			);
			path = "Preview Content";
			sourceTree = "<group>";
		};
		24D19B982BFFFF89002B7E03 /* MarvelTVTests */ = {
			isa = PBXGroup;
			children = (
				24D19BF92C0216F1002B7E03 /* Shared */,
				24D19BF02C02092F002B7E03 /* Resources */,
				24D19BEE2C0207ED002B7E03 /* CharactersCollectionViewModelTests.swift */,
				24D19BF32C021456002B7E03 /* ComicsCollectionViewModelTests.swift */,
			);
			path = MarvelTVTests;
			sourceTree = "<group>";
		};
		24D19BA22BFFFF89002B7E03 /* MarvelTVUITests */ = {
			isa = PBXGroup;
			children = (
				24D19BA32BFFFF89002B7E03 /* MarvelTVUITests.swift */,
				24D19BA52BFFFF89002B7E03 /* MarvelTVUITestsLaunchTests.swift */,
			);
			path = MarvelTVUITests;
			sourceTree = "<group>";
		};
		24D19BB22C000511002B7E03 /* Network */ = {
			isa = PBXGroup;
			children = (
				24D19BDE2C015B0F002B7E03 /* Repositories */,
				24D19BC52C001338002B7E03 /* RequestBuilder */,
				24D19BC02C001055002B7E03 /* AsyncState.swift */,
				24D19BCC2C001B81002B7E03 /* NetworkTransport.swift */,
			);
			path = Network;
			sourceTree = "<group>";
		};
		24D19BB32C00051A002B7E03 /* Screens */ = {
			isa = PBXGroup;
			children = (
				24D19BE12C0161FD002B7E03 /* Shared */,
				24D19BD72C00F11A002B7E03 /* ComicsCollection */,
				24D19BB82C00071E002B7E03 /* Characters */,
			);
			path = Screens;
			sourceTree = "<group>";
		};
		24D19BB82C00071E002B7E03 /* Characters */ = {
			isa = PBXGroup;
			children = (
				24D19BB42C000690002B7E03 /* CharactersCollectionView.swift */,
				24D19BB92C00073E002B7E03 /* CharactersCollectionViewModel.swift */,
				24D19BBE2C000E55002B7E03 /* CharactersResponse.swift */,
				24D19BFC2C02196A002B7E03 /* CharactersCollectionShimmerView.swift */,
			);
			path = Characters;
			sourceTree = "<group>";
		};
		24D19BC22C001111002B7E03 /* Extensions */ = {
			isa = PBXGroup;
			children = (
				24D19BC32C00112A002B7E03 /* Logger+Extension.swift */,
				24D19BCA2C0019C5002B7E03 /* Dictionary+Extension.swift */,
			);
			path = Extensions;
			sourceTree = "<group>";
		};
		24D19BC52C001338002B7E03 /* RequestBuilder */ = {
			isa = PBXGroup;
			children = (
				24D19BC62C001383002B7E03 /* RequestBuilder.swift */,
				24D19BC82C001414002B7E03 /* DefaultRequestBuilder.swift */,
			);
			path = RequestBuilder;
			sourceTree = "<group>";
		};
		24D19BD72C00F11A002B7E03 /* ComicsCollection */ = {
			isa = PBXGroup;
			children = (
				24D19BD82C00F1A1002B7E03 /* ComicsCollectionView.swift */,
				24D19BDA2C00F1C1002B7E03 /* ComicsCollectionViewModel.swift */,
				24D19BDC2C015A19002B7E03 /* ComicsCollectionResponse.swift */,
				24D19C002C021EEC002B7E03 /* ComicsCollectionViewShimmer.swift */,
			);
			path = ComicsCollection;
			sourceTree = "<group>";
		};
		24D19BDE2C015B0F002B7E03 /* Repositories */ = {
			isa = PBXGroup;
			children = (
				24D19BB62C000709002B7E03 /* CharactersRepository.swift */,
				24D19BDF2C015B27002B7E03 /* ComicsRepository.swift */,
			);
			path = Repositories;
			sourceTree = "<group>";
		};
		24D19BE12C0161FD002B7E03 /* Shared */ = {
			isa = PBXGroup;
			children = (
				24D19BE22C01620D002B7E03 /* ShimmerView.swift */,
				24D19BE42C016541002B7E03 /* PlaceholderProvider.swift */,
				24D19BE62C01F488002B7E03 /* CustomText.swift */,
				24D19BE82C01FAEF002B7E03 /* CustomAsyncImage.swift */,
				24D19BFE2C021B2A002B7E03 /* ErrorView.swift */,
			);
			path = Shared;
			sourceTree = "<group>";
		};
		24D19BF02C02092F002B7E03 /* Resources */ = {
			isa = PBXGroup;
			children = (
				24D19BFA2C021806002B7E03 /* comics_failure.json */,
				24D19BF12C021289002B7E03 /* characters_failure.json */,
				24D19BEA2C0207BD002B7E03 /* characters.json */,
				24D19BEB2C0207BD002B7E03 /* comics.json */,
			);
			path = Resources;
			sourceTree = "<group>";
		};
		24D19BF92C0216F1002B7E03 /* Shared */ = {
			isa = PBXGroup;
			children = (
				24D19BF72C0216A7002B7E03 /* TestUtils.swift */,
				24D19C022C04C5F6002B7E03 /* MockRequestBuilder.swift */,
				24D19C042C04C7DA002B7E03 /* MockNetworkTransport.swift */,
			);
			path = Shared;
			sourceTree = "<group>";
		};
/* End PBXGroup section */

/* Begin PBXNativeTarget section */
		24D19B842BFFFF86002B7E03 /* MarvelTV */ = {
			isa = PBXNativeTarget;
			buildConfigurationList = 24D19BA92BFFFF89002B7E03 /* Build configuration list for PBXNativeTarget "MarvelTV" */;
			buildPhases = (
				24D19B812BFFFF86002B7E03 /* Sources */,
				24D19B822BFFFF86002B7E03 /* Frameworks */,
				24D19B832BFFFF86002B7E03 /* Resources */,
			);
			buildRules = (
			);
			dependencies = (
			);
			name = MarvelTV;
			productName = MarvelTV;
			productReference = 24D19B852BFFFF86002B7E03 /* MarvelTV.app */;
			productType = "com.apple.product-type.application";
		};
		24D19B942BFFFF89002B7E03 /* MarvelTVTests */ = {
			isa = PBXNativeTarget;
			buildConfigurationList = 24D19BAC2BFFFF89002B7E03 /* Build configuration list for PBXNativeTarget "MarvelTVTests" */;
			buildPhases = (
				24D19B912BFFFF89002B7E03 /* Sources */,
				24D19B922BFFFF89002B7E03 /* Frameworks */,
				24D19B932BFFFF89002B7E03 /* Resources */,
			);
			buildRules = (
			);
			dependencies = (
				24D19B972BFFFF89002B7E03 /* PBXTargetDependency */,
			);
			name = MarvelTVTests;
			productName = MarvelTVTests;
			productReference = 24D19B952BFFFF89002B7E03 /* MarvelTVTests.xctest */;
			productType = "com.apple.product-type.bundle.unit-test";
		};
		24D19B9E2BFFFF89002B7E03 /* MarvelTVUITests */ = {
			isa = PBXNativeTarget;
			buildConfigurationList = 24D19BAF2BFFFF89002B7E03 /* Build configuration list for PBXNativeTarget "MarvelTVUITests" */;
			buildPhases = (
				24D19B9B2BFFFF89002B7E03 /* Sources */,
				24D19B9C2BFFFF89002B7E03 /* Frameworks */,
				24D19B9D2BFFFF89002B7E03 /* Resources */,
			);
			buildRules = (
			);
			dependencies = (
				24D19BA12BFFFF89002B7E03 /* PBXTargetDependency */,
			);
			name = MarvelTVUITests;
			productName = MarvelTVUITests;
			productReference = 24D19B9F2BFFFF89002B7E03 /* MarvelTVUITests.xctest */;
			productType = "com.apple.product-type.bundle.ui-testing";
		};
/* End PBXNativeTarget section */

/* Begin PBXProject section */
		24D19B7D2BFFFF86002B7E03 /* Project object */ = {
			isa = PBXProject;
			attributes = {
				BuildIndependentTargetsInParallel = 1;
				LastSwiftUpdateCheck = 1530;
				LastUpgradeCheck = 1530;
				TargetAttributes = {
					24D19B842BFFFF86002B7E03 = {
						CreatedOnToolsVersion = 15.3;
					};
					24D19B942BFFFF89002B7E03 = {
						CreatedOnToolsVersion = 15.3;
						TestTargetID = 24D19B842BFFFF86002B7E03;
					};
					24D19B9E2BFFFF89002B7E03 = {
						CreatedOnToolsVersion = 15.3;
						TestTargetID = 24D19B842BFFFF86002B7E03;
					};
				};
			};
			buildConfigurationList = 24D19B802BFFFF86002B7E03 /* Build configuration list for PBXProject "MarvelTV" */;
			compatibilityVersion = "Xcode 14.0";
			developmentRegion = en;
			hasScannedForEncodings = 0;
			knownRegions = (
				en,
				Base,
			);
			mainGroup = 24D19B7C2BFFFF86002B7E03;
			productRefGroup = 24D19B862BFFFF86002B7E03 /* Products */;
			projectDirPath = "";
			projectRoot = "";
			targets = (
				24D19B842BFFFF86002B7E03 /* MarvelTV */,
				24D19B942BFFFF89002B7E03 /* MarvelTVTests */,
				24D19B9E2BFFFF89002B7E03 /* MarvelTVUITests */,
			);
		};
/* End PBXProject section */

/* Begin PBXResourcesBuildPhase section */
		24D19B832BFFFF86002B7E03 /* Resources */ = {
			isa = PBXResourcesBuildPhase;
			buildActionMask = 2147483647;
			files = (
				24D19B902BFFFF89002B7E03 /* Preview Assets.xcassets in Resources */,
				24D19B8D2BFFFF89002B7E03 /* Assets.xcassets in Resources */,
			);
			runOnlyForDeploymentPostprocessing = 0;
		};
		24D19B932BFFFF89002B7E03 /* Resources */ = {
			isa = PBXResourcesBuildPhase;
			buildActionMask = 2147483647;
			files = (
				24D19BFB2C021806002B7E03 /* comics_failure.json in Resources */,
				24D19BEC2C0207BD002B7E03 /* characters.json in Resources */,
				24D19BF22C021289002B7E03 /* characters_failure.json in Resources */,
				24D19BED2C0207BD002B7E03 /* comics.json in Resources */,
			);
			runOnlyForDeploymentPostprocessing = 0;
		};
		24D19B9D2BFFFF89002B7E03 /* Resources */ = {
			isa = PBXResourcesBuildPhase;
			buildActionMask = 2147483647;
			files = (
			);
			runOnlyForDeploymentPostprocessing = 0;
		};
/* End PBXResourcesBuildPhase section */

/* Begin PBXSourcesBuildPhase section */
		24D19B812BFFFF86002B7E03 /* Sources */ = {
			isa = PBXSourcesBuildPhase;
			buildActionMask = 2147483647;
			files = (
				24D19BBA2C00073E002B7E03 /* CharactersCollectionViewModel.swift in Sources */,
				24D19BE92C01FAEF002B7E03 /* CustomAsyncImage.swift in Sources */,
				24D19BC12C001055002B7E03 /* AsyncState.swift in Sources */,
				24D19BD92C00F1A1002B7E03 /* ComicsCollectionView.swift in Sources */,
				24D19BB72C000709002B7E03 /* CharactersRepository.swift in Sources */,
				24D19BC42C00112A002B7E03 /* Logger+Extension.swift in Sources */,
				24D19C012C021EEC002B7E03 /* ComicsCollectionViewShimmer.swift in Sources */,
				24D19BFD2C02196A002B7E03 /* CharactersCollectionShimmerView.swift in Sources */,
				24D19BC92C001414002B7E03 /* DefaultRequestBuilder.swift in Sources */,
				24D19BC72C001383002B7E03 /* RequestBuilder.swift in Sources */,
				24D19BDB2C00F1C1002B7E03 /* ComicsCollectionViewModel.swift in Sources */,
				24D19BE52C016541002B7E03 /* PlaceholderProvider.swift in Sources */,
				24D19B892BFFFF86002B7E03 /* MarvelTVApp.swift in Sources */,
				24D19BDD2C015A19002B7E03 /* ComicsCollectionResponse.swift in Sources */,
				24D19BB52C000690002B7E03 /* CharactersCollectionView.swift in Sources */,
				24D19BBF2C000E55002B7E03 /* CharactersResponse.swift in Sources */,
				24D19BBC2C000D52002B7E03 /* Constants.swift in Sources */,
				24D19BE72C01F488002B7E03 /* CustomText.swift in Sources */,
				24D19BE32C01620D002B7E03 /* ShimmerView.swift in Sources */,
				24D19BCD2C001B81002B7E03 /* NetworkTransport.swift in Sources */,
				24D19BCB2C0019C5002B7E03 /* Dictionary+Extension.swift in Sources */,
				24D19BE02C015B27002B7E03 /* ComicsRepository.swift in Sources */,
				24D19BFF2C021B2A002B7E03 /* ErrorView.swift in Sources */,
			);
			runOnlyForDeploymentPostprocessing = 0;
		};
		24D19B912BFFFF89002B7E03 /* Sources */ = {
			isa = PBXSourcesBuildPhase;
			buildActionMask = 2147483647;
			files = (
				24D19BF42C021456002B7E03 /* ComicsCollectionViewModelTests.swift in Sources */,
				24D19C032C04C5F6002B7E03 /* MockRequestBuilder.swift in Sources */,
				24D19BF82C0216A7002B7E03 /* TestUtils.swift in Sources */,
				24D19BEF2C0207ED002B7E03 /* CharactersCollectionViewModelTests.swift in Sources */,
				24D19C052C04C7DA002B7E03 /* MockNetworkTransport.swift in Sources */,
			);
			runOnlyForDeploymentPostprocessing = 0;
		};
		24D19B9B2BFFFF89002B7E03 /* Sources */ = {
			isa = PBXSourcesBuildPhase;
			buildActionMask = 2147483647;
			files = (
				24D19BA62BFFFF89002B7E03 /* MarvelTVUITestsLaunchTests.swift in Sources */,
				24D19BA42BFFFF89002B7E03 /* MarvelTVUITests.swift in Sources */,
			);
			runOnlyForDeploymentPostprocessing = 0;
		};
/* End PBXSourcesBuildPhase section */

/* Begin PBXTargetDependency section */
		24D19B972BFFFF89002B7E03 /* PBXTargetDependency */ = {
			isa = PBXTargetDependency;
			target = 24D19B842BFFFF86002B7E03 /* MarvelTV */;
			targetProxy = 24D19B962BFFFF89002B7E03 /* PBXContainerItemProxy */;
		};
		24D19BA12BFFFF89002B7E03 /* PBXTargetDependency */ = {
			isa = PBXTargetDependency;
			target = 24D19B842BFFFF86002B7E03 /* MarvelTV */;
			targetProxy = 24D19BA02BFFFF89002B7E03 /* PBXContainerItemProxy */;
		};
/* End PBXTargetDependency section */

/* Begin XCBuildConfiguration section */
		24D19BA72BFFFF89002B7E03 /* Debug */ = {
			isa = XCBuildConfiguration;
			buildSettings = {
				ALWAYS_SEARCH_USER_PATHS = NO;
				ASSETCATALOG_COMPILER_GENERATE_SWIFT_ASSET_SYMBOL_EXTENSIONS = YES;
				CLANG_ANALYZER_NONNULL = YES;
				CLANG_ANALYZER_NUMBER_OBJECT_CONVERSION = YES_AGGRESSIVE;
				CLANG_CXX_LANGUAGE_STANDARD = "gnu++20";
				CLANG_ENABLE_MODULES = YES;
				CLANG_ENABLE_OBJC_ARC = YES;
				CLANG_ENABLE_OBJC_WEAK = YES;
				CLANG_WARN_BLOCK_CAPTURE_AUTORELEASING = YES;
				CLANG_WARN_BOOL_CONVERSION = YES;
				CLANG_WARN_COMMA = YES;
				CLANG_WARN_CONSTANT_CONVERSION = YES;
				CLANG_WARN_DEPRECATED_OBJC_IMPLEMENTATIONS = YES;
				CLANG_WARN_DIRECT_OBJC_ISA_USAGE = YES_ERROR;
				CLANG_WARN_DOCUMENTATION_COMMENTS = YES;
				CLANG_WARN_EMPTY_BODY = YES;
				CLANG_WARN_ENUM_CONVERSION = YES;
				CLANG_WARN_INFINITE_RECURSION = YES;
				CLANG_WARN_INT_CONVERSION = YES;
				CLANG_WARN_NON_LITERAL_NULL_CONVERSION = YES;
				CLANG_WARN_OBJC_IMPLICIT_RETAIN_SELF = YES;
				CLANG_WARN_OBJC_LITERAL_CONVERSION = YES;
				CLANG_WARN_OBJC_ROOT_CLASS = YES_ERROR;
				CLANG_WARN_QUOTED_INCLUDE_IN_FRAMEWORK_HEADER = YES;
				CLANG_WARN_RANGE_LOOP_ANALYSIS = YES;
				CLANG_WARN_STRICT_PROTOTYPES = YES;
				CLANG_WARN_SUSPICIOUS_MOVE = YES;
				CLANG_WARN_UNGUARDED_AVAILABILITY = YES_AGGRESSIVE;
				CLANG_WARN_UNREACHABLE_CODE = YES;
				CLANG_WARN__DUPLICATE_METHOD_MATCH = YES;
				COPY_PHASE_STRIP = NO;
				DEBUG_INFORMATION_FORMAT = dwarf;
				ENABLE_STRICT_OBJC_MSGSEND = YES;
				ENABLE_TESTABILITY = YES;
				ENABLE_USER_SCRIPT_SANDBOXING = YES;
				GCC_C_LANGUAGE_STANDARD = gnu17;
				GCC_DYNAMIC_NO_PIC = NO;
				GCC_NO_COMMON_BLOCKS = YES;
				GCC_OPTIMIZATION_LEVEL = 0;
				GCC_PREPROCESSOR_DEFINITIONS = (
					"DEBUG=1",
					"$(inherited)",
				);
				GCC_WARN_64_TO_32_BIT_CONVERSION = YES;
				GCC_WARN_ABOUT_RETURN_TYPE = YES_ERROR;
				GCC_WARN_UNDECLARED_SELECTOR = YES;
				GCC_WARN_UNINITIALIZED_AUTOS = YES_AGGRESSIVE;
				GCC_WARN_UNUSED_FUNCTION = YES;
				GCC_WARN_UNUSED_VARIABLE = YES;
				LOCALIZATION_PREFERS_STRING_CATALOGS = YES;
				MTL_ENABLE_DEBUG_INFO = INCLUDE_SOURCE;
				MTL_FAST_MATH = YES;
				ONLY_ACTIVE_ARCH = YES;
				SDKROOT = appletvos;
				SWIFT_ACTIVE_COMPILATION_CONDITIONS = "DEBUG $(inherited)";
				SWIFT_OPTIMIZATION_LEVEL = "-Onone";
				TVOS_DEPLOYMENT_TARGET = 17.4;
			};
			name = Debug;
		};
		24D19BA82BFFFF89002B7E03 /* Release */ = {
			isa = XCBuildConfiguration;
			buildSettings = {
				ALWAYS_SEARCH_USER_PATHS = NO;
				ASSETCATALOG_COMPILER_GENERATE_SWIFT_ASSET_SYMBOL_EXTENSIONS = YES;
				CLANG_ANALYZER_NONNULL = YES;
				CLANG_ANALYZER_NUMBER_OBJECT_CONVERSION = YES_AGGRESSIVE;
				CLANG_CXX_LANGUAGE_STANDARD = "gnu++20";
				CLANG_ENABLE_MODULES = YES;
				CLANG_ENABLE_OBJC_ARC = YES;
				CLANG_ENABLE_OBJC_WEAK = YES;
				CLANG_WARN_BLOCK_CAPTURE_AUTORELEASING = YES;
				CLANG_WARN_BOOL_CONVERSION = YES;
				CLANG_WARN_COMMA = YES;
				CLANG_WARN_CONSTANT_CONVERSION = YES;
				CLANG_WARN_DEPRECATED_OBJC_IMPLEMENTATIONS = YES;
				CLANG_WARN_DIRECT_OBJC_ISA_USAGE = YES_ERROR;
				CLANG_WARN_DOCUMENTATION_COMMENTS = YES;
				CLANG_WARN_EMPTY_BODY = YES;
				CLANG_WARN_ENUM_CONVERSION = YES;
				CLANG_WARN_INFINITE_RECURSION = YES;
				CLANG_WARN_INT_CONVERSION = YES;
				CLANG_WARN_NON_LITERAL_NULL_CONVERSION = YES;
				CLANG_WARN_OBJC_IMPLICIT_RETAIN_SELF = YES;
				CLANG_WARN_OBJC_LITERAL_CONVERSION = YES;
				CLANG_WARN_OBJC_ROOT_CLASS = YES_ERROR;
				CLANG_WARN_QUOTED_INCLUDE_IN_FRAMEWORK_HEADER = YES;
				CLANG_WARN_RANGE_LOOP_ANALYSIS = YES;
				CLANG_WARN_STRICT_PROTOTYPES = YES;
				CLANG_WARN_SUSPICIOUS_MOVE = YES;
				CLANG_WARN_UNGUARDED_AVAILABILITY = YES_AGGRESSIVE;
				CLANG_WARN_UNREACHABLE_CODE = YES;
				CLANG_WARN__DUPLICATE_METHOD_MATCH = YES;
				COPY_PHASE_STRIP = NO;
				DEBUG_INFORMATION_FORMAT = "dwarf-with-dsym";
				ENABLE_NS_ASSERTIONS = NO;
				ENABLE_STRICT_OBJC_MSGSEND = YES;
				ENABLE_USER_SCRIPT_SANDBOXING = YES;
				GCC_C_LANGUAGE_STANDARD = gnu17;
				GCC_NO_COMMON_BLOCKS = YES;
				GCC_WARN_64_TO_32_BIT_CONVERSION = YES;
				GCC_WARN_ABOUT_RETURN_TYPE = YES_ERROR;
				GCC_WARN_UNDECLARED_SELECTOR = YES;
				GCC_WARN_UNINITIALIZED_AUTOS = YES_AGGRESSIVE;
				GCC_WARN_UNUSED_FUNCTION = YES;
				GCC_WARN_UNUSED_VARIABLE = YES;
				LOCALIZATION_PREFERS_STRING_CATALOGS = YES;
				MTL_ENABLE_DEBUG_INFO = NO;
				MTL_FAST_MATH = YES;
				SDKROOT = appletvos;
				SWIFT_COMPILATION_MODE = wholemodule;
				TVOS_DEPLOYMENT_TARGET = 17.4;
				VALIDATE_PRODUCT = YES;
			};
			name = Release;
		};
		24D19BAA2BFFFF89002B7E03 /* Debug */ = {
			isa = XCBuildConfiguration;
			buildSettings = {
				ASSETCATALOG_COMPILER_APPICON_NAME = "App Icon & Top Shelf Image";
				ASSETCATALOG_COMPILER_GLOBAL_ACCENT_COLOR_NAME = AccentColor;
				CODE_SIGN_STYLE = Automatic;
				CURRENT_PROJECT_VERSION = 1;
				DEVELOPMENT_ASSET_PATHS = "\"MarvelTV/Preview Content\"";
				DEVELOPMENT_TEAM = L88M38NBF2;
				ENABLE_PREVIEWS = YES;
				GENERATE_INFOPLIST_FILE = YES;
				INFOPLIST_FILE = MarvelTV/Info.plist;
				INFOPLIST_KEY_UILaunchScreen_Generation = YES;
				INFOPLIST_KEY_UIUserInterfaceStyle = Automatic;
				LD_RUNPATH_SEARCH_PATHS = (
					"$(inherited)",
					"@executable_path/Frameworks",
				);
				MARKETING_VERSION = 1.0;
				PRODUCT_BUNDLE_IDENTIFIER = com.cocoateam.MarvelTV;
				PRODUCT_NAME = "$(TARGET_NAME)";
				SWIFT_EMIT_LOC_STRINGS = YES;
				SWIFT_VERSION = 5.0;
				TARGETED_DEVICE_FAMILY = 3;
			};
			name = Debug;
		};
		24D19BAB2BFFFF89002B7E03 /* Release */ = {
			isa = XCBuildConfiguration;
			buildSettings = {
				ASSETCATALOG_COMPILER_APPICON_NAME = "App Icon & Top Shelf Image";
				ASSETCATALOG_COMPILER_GLOBAL_ACCENT_COLOR_NAME = AccentColor;
				CODE_SIGN_STYLE = Automatic;
				CURRENT_PROJECT_VERSION = 1;
				DEVELOPMENT_ASSET_PATHS = "\"MarvelTV/Preview Content\"";
				DEVELOPMENT_TEAM = L88M38NBF2;
				ENABLE_PREVIEWS = YES;
				GENERATE_INFOPLIST_FILE = YES;
				INFOPLIST_FILE = MarvelTV/Info.plist;
				INFOPLIST_KEY_UILaunchScreen_Generation = YES;
				INFOPLIST_KEY_UIUserInterfaceStyle = Automatic;
				LD_RUNPATH_SEARCH_PATHS = (
					"$(inherited)",
					"@executable_path/Frameworks",
				);
				MARKETING_VERSION = 1.0;
				PRODUCT_BUNDLE_IDENTIFIER = com.cocoateam.MarvelTV;
				PRODUCT_NAME = "$(TARGET_NAME)";
				SWIFT_EMIT_LOC_STRINGS = YES;
				SWIFT_VERSION = 5.0;
				TARGETED_DEVICE_FAMILY = 3;
			};
			name = Release;
		};
		24D19BAD2BFFFF89002B7E03 /* Debug */ = {
			isa = XCBuildConfiguration;
			buildSettings = {
				ALWAYS_EMBED_SWIFT_STANDARD_LIBRARIES = YES;
				BUNDLE_LOADER = "$(TEST_HOST)";
				CODE_SIGN_STYLE = Automatic;
				CURRENT_PROJECT_VERSION = 1;
				DEVELOPMENT_TEAM = L88M38NBF2;
				GENERATE_INFOPLIST_FILE = YES;
				MARKETING_VERSION = 1.0;
				PRODUCT_BUNDLE_IDENTIFIER = com.cocoateam.MarvelTVTests;
				PRODUCT_NAME = "$(TARGET_NAME)";
				SWIFT_EMIT_LOC_STRINGS = NO;
				SWIFT_VERSION = 5.0;
				TARGETED_DEVICE_FAMILY = 3;
				TEST_HOST = "$(BUILT_PRODUCTS_DIR)/MarvelTV.app/$(BUNDLE_EXECUTABLE_FOLDER_PATH)/MarvelTV";
				TVOS_DEPLOYMENT_TARGET = 17.4;
			};
			name = Debug;
		};
		24D19BAE2BFFFF89002B7E03 /* Release */ = {
			isa = XCBuildConfiguration;
			buildSettings = {
				ALWAYS_EMBED_SWIFT_STANDARD_LIBRARIES = YES;
				BUNDLE_LOADER = "$(TEST_HOST)";
				CODE_SIGN_STYLE = Automatic;
				CURRENT_PROJECT_VERSION = 1;
				DEVELOPMENT_TEAM = L88M38NBF2;
				GENERATE_INFOPLIST_FILE = YES;
				MARKETING_VERSION = 1.0;
				PRODUCT_BUNDLE_IDENTIFIER = com.cocoateam.MarvelTVTests;
				PRODUCT_NAME = "$(TARGET_NAME)";
				SWIFT_EMIT_LOC_STRINGS = NO;
				SWIFT_VERSION = 5.0;
				TARGETED_DEVICE_FAMILY = 3;
				TEST_HOST = "$(BUILT_PRODUCTS_DIR)/MarvelTV.app/$(BUNDLE_EXECUTABLE_FOLDER_PATH)/MarvelTV";
				TVOS_DEPLOYMENT_TARGET = 17.4;
			};
			name = Release;
		};
		24D19BB02BFFFF89002B7E03 /* Debug */ = {
			isa = XCBuildConfiguration;
			buildSettings = {
				ALWAYS_EMBED_SWIFT_STANDARD_LIBRARIES = YES;
				CODE_SIGN_STYLE = Automatic;
				CURRENT_PROJECT_VERSION = 1;
				DEVELOPMENT_TEAM = L88M38NBF2;
				GENERATE_INFOPLIST_FILE = YES;
				MARKETING_VERSION = 1.0;
				PRODUCT_BUNDLE_IDENTIFIER = com.cocoateam.MarvelTVUITests;
				PRODUCT_NAME = "$(TARGET_NAME)";
				SWIFT_EMIT_LOC_STRINGS = NO;
				SWIFT_VERSION = 5.0;
				TARGETED_DEVICE_FAMILY = 3;
				TEST_TARGET_NAME = MarvelTV;
			};
			name = Debug;
		};
		24D19BB12BFFFF89002B7E03 /* Release */ = {
			isa = XCBuildConfiguration;
			buildSettings = {
				ALWAYS_EMBED_SWIFT_STANDARD_LIBRARIES = YES;
				CODE_SIGN_STYLE = Automatic;
				CURRENT_PROJECT_VERSION = 1;
				DEVELOPMENT_TEAM = L88M38NBF2;
				GENERATE_INFOPLIST_FILE = YES;
				MARKETING_VERSION = 1.0;
				PRODUCT_BUNDLE_IDENTIFIER = com.cocoateam.MarvelTVUITests;
				PRODUCT_NAME = "$(TARGET_NAME)";
				SWIFT_EMIT_LOC_STRINGS = NO;
				SWIFT_VERSION = 5.0;
				TARGETED_DEVICE_FAMILY = 3;
				TEST_TARGET_NAME = MarvelTV;
			};
			name = Release;
		};
/* End XCBuildConfiguration section */

/* Begin XCConfigurationList section */
		24D19B802BFFFF86002B7E03 /* Build configuration list for PBXProject "MarvelTV" */ = {
			isa = XCConfigurationList;
			buildConfigurations = (
				24D19BA72BFFFF89002B7E03 /* Debug */,
				24D19BA82BFFFF89002B7E03 /* Release */,
			);
			defaultConfigurationIsVisible = 0;
			defaultConfigurationName = Release;
		};
		24D19BA92BFFFF89002B7E03 /* Build configuration list for PBXNativeTarget "MarvelTV" */ = {
			isa = XCConfigurationList;
			buildConfigurations = (
				24D19BAA2BFFFF89002B7E03 /* Debug */,
				24D19BAB2BFFFF89002B7E03 /* Release */,
			);
			defaultConfigurationIsVisible = 0;
			defaultConfigurationName = Release;
		};
		24D19BAC2BFFFF89002B7E03 /* Build configuration list for PBXNativeTarget "MarvelTVTests" */ = {
			isa = XCConfigurationList;
			buildConfigurations = (
				24D19BAD2BFFFF89002B7E03 /* Debug */,
				24D19BAE2BFFFF89002B7E03 /* Release */,
			);
			defaultConfigurationIsVisible = 0;
			defaultConfigurationName = Release;
		};
		24D19BAF2BFFFF89002B7E03 /* Build configuration list for PBXNativeTarget "MarvelTVUITests" */ = {
			isa = XCConfigurationList;
			buildConfigurations = (
				24D19BB02BFFFF89002B7E03 /* Debug */,
				24D19BB12BFFFF89002B7E03 /* Release */,
			);
			defaultConfigurationIsVisible = 0;
			defaultConfigurationName = Release;
		};
/* End XCConfigurationList section */
	};
	rootObject = 24D19B7D2BFFFF86002B7E03 /* Project object */;
}
